
Microsoft Visual Studio Solution File, Format Version 12.00
# Visual Studio Version 17
VisualStudioVersion = 17.1.32228.430
MinimumVisualStudioVersion = 10.0.40219.1
Project("{F184B08F-C81C-45F6-A57F-5ABD9991F28F}") = "ICMS", "ICMS.vbproj", "{923F6942-27A5-4ABB-A0E1-9F46ECC51D04}"
EndProject
Global
	GlobalSection(SolutionConfigurationPlatforms) = preSolution
		Debug|Any CPU = Debug|Any CPU
		Release|Any CPU = Release|Any CPU
	EndGlobalSection
	GlobalSection(ProjectConfigurationPlatforms) = postSolution
		{923F6942-27A5-4ABB-A0E1-9F46ECC51D04}.Debug|Any CPU.ActiveCfg = Debug|Any CPU
		{923F6942-27A5-4ABB-A0E1-9F46ECC51D04}.Debug|Any CPU.Build.0 = Debug|Any CPU
		{923F6942-27A5-4ABB-A0E1-9F46ECC51D04}.Release|Any CPU.ActiveCfg = Release|Any CPU
		{923F6942-27A5-4ABB-A0E1-9F46ECC51D04}.Release|Any CPU.Build.0 = Release|Any CPU
	EndGlobalSection
	GlobalSection(SolutionProperties) = preSolution
		HideSolutionNode = FALSE
	EndGlobalSection
	GlobalSection(ExtensibilityGlobals) = postSolution
		SolutionGuid = {04A02C5C-A4AE-41EB-9CA8-BCF0F1DC8CD4}
	EndGlobalSection
EndGlobal
